{
  "requires": true,
  "lockfileVersion": 1,
  "dependencies": {
    "react-axios": {
      "version": "2.0.4",
      "resolved": "https://registry.npmjs.org/react-axios/-/react-axios-2.0.4.tgz",
      "integrity": "sha512-QsTq7C/NwsjfrSmFVxPo29BdX6DtLpRF0fZTJv5/R4BanOm+c4639B3Xb4lF83ZfAOX5IW8XG7htz4V+WNF+WA=="
    }
  }
}
